
Microsoft Visual Studio Solution File, Format Version 12.00
# Visual Studio 15
VisualStudioVersion = 15.0.27130.2003
MinimumVisualStudioVersion = 10.0.40219.1
<<<<<<< HEAD
Project("{FAE04EC0-301F-11D3-BF4B-00C04F79EFBC}") = "Presentacion", "Presentacion\Presentacion.csproj", "{E0F0A627-2799-4B5D-9001-45A3A30783F4}"
=======
Project("{FAE04EC0-301F-11D3-BF4B-00C04F79EFBC}") = "Data", "Data\Data.csproj", "{179B8182-50FB-4FDE-AE44-F8E33AC96FA6}"
EndProject
Project("{FAE04EC0-301F-11D3-BF4B-00C04F79EFBC}") = "Services", "Services\Services.csproj", "{9561F825-7C9F-4B5F-A57C-008F6378A1F0}"
>>>>>>> origin/Capa_Servicios
EndProject
Global
	GlobalSection(SolutionConfigurationPlatforms) = preSolution
		Debug|Any CPU = Debug|Any CPU
		Release|Any CPU = Release|Any CPU
	EndGlobalSection
	GlobalSection(ProjectConfigurationPlatforms) = postSolution
<<<<<<< HEAD
		{E0F0A627-2799-4B5D-9001-45A3A30783F4}.Debug|Any CPU.ActiveCfg = Debug|Any CPU
		{E0F0A627-2799-4B5D-9001-45A3A30783F4}.Debug|Any CPU.Build.0 = Debug|Any CPU
		{E0F0A627-2799-4B5D-9001-45A3A30783F4}.Release|Any CPU.ActiveCfg = Release|Any CPU
		{E0F0A627-2799-4B5D-9001-45A3A30783F4}.Release|Any CPU.Build.0 = Release|Any CPU
=======
		{179B8182-50FB-4FDE-AE44-F8E33AC96FA6}.Debug|Any CPU.ActiveCfg = Debug|Any CPU
		{179B8182-50FB-4FDE-AE44-F8E33AC96FA6}.Debug|Any CPU.Build.0 = Debug|Any CPU
		{179B8182-50FB-4FDE-AE44-F8E33AC96FA6}.Release|Any CPU.ActiveCfg = Release|Any CPU
		{179B8182-50FB-4FDE-AE44-F8E33AC96FA6}.Release|Any CPU.Build.0 = Release|Any CPU
		{9561F825-7C9F-4B5F-A57C-008F6378A1F0}.Debug|Any CPU.ActiveCfg = Debug|Any CPU
		{9561F825-7C9F-4B5F-A57C-008F6378A1F0}.Debug|Any CPU.Build.0 = Debug|Any CPU
		{9561F825-7C9F-4B5F-A57C-008F6378A1F0}.Release|Any CPU.ActiveCfg = Release|Any CPU
		{9561F825-7C9F-4B5F-A57C-008F6378A1F0}.Release|Any CPU.Build.0 = Release|Any CPU
>>>>>>> origin/Capa_Servicios
	EndGlobalSection
	GlobalSection(SolutionProperties) = preSolution
		HideSolutionNode = FALSE
	EndGlobalSection
	GlobalSection(ExtensibilityGlobals) = postSolution
		SolutionGuid = {6B052202-D93E-40FC-AFA3-8900B6ABA67D}
	EndGlobalSection
EndGlobal
